
Microsoft Visual Studio Solution File, Format Version 12.00
# Visual Studio Version 17
VisualStudioVersion = 17.13.35825.156 d17.13
MinimumVisualStudioVersion = 10.0.40219.1
Project("{FAE04EC0-301F-11D3-BF4B-00C04F79EFBC}") = "TestConnectingToMCPServers1", "TestConnectingToMCPServers1\TestConnectingToMCPServers1.csproj", "{45FD0EDB-6503-4A45-A81D-8512F8AAEB03}"
EndProject
Global
	GlobalSection(SolutionConfigurationPlatforms) = preSolution
		Debug|Any CPU = Debug|Any CPU
		Release|Any CPU = Release|Any CPU
	EndGlobalSection
	GlobalSection(ProjectConfigurationPlatforms) = postSolution
		{45FD0EDB-6503-4A45-A81D-8512F8AAEB03}.Debug|Any CPU.ActiveCfg = Debug|Any CPU
		{45FD0EDB-6503-4A45-A81D-8512F8AAEB03}.Debug|Any CPU.Build.0 = Debug|Any CPU
		{45FD0EDB-6503-4A45-A81D-8512F8AAEB03}.Release|Any CPU.ActiveCfg = Release|Any CPU
		{45FD0EDB-6503-4A45-A81D-8512F8AAEB03}.Release|Any CPU.Build.0 = Release|Any CPU
	EndGlobalSection
	GlobalSection(SolutionProperties) = preSolution
		HideSolutionNode = FALSE
	EndGlobalSection
	GlobalSection(ExtensibilityGlobals) = postSolution
		SolutionGuid = {2FFBE5BE-80B4-4BD1-9709-87846886669B}
	EndGlobalSection
EndGlobal
